// !$*UTF8*$!
{
	archiveVersion = 1;
	classes = {
	};
	objectVersion = 46;
	objects = {

/* Begin PBXBuildFile section */
		2314C5231EEA806F00F5021A /* AppDelegate.swift in Sources */ = {isa = PBXBuildFile; fileRef = 2314C5221EEA806F00F5021A /* AppDelegate.swift */; };
		2314C5251EEA806F00F5021A /* ViewController.swift in Sources */ = {isa = PBXBuildFile; fileRef = 2314C5241EEA806F00F5021A /* ViewController.swift */; };
		2314C5281EEA806F00F5021A /* Main.storyboard in Resources */ = {isa = PBXBuildFile; fileRef = 2314C5261EEA806F00F5021A /* Main.storyboard */; };
		2314C52A1EEA806F00F5021A /* Assets.xcassets in Resources */ = {isa = PBXBuildFile; fileRef = 2314C5291EEA806F00F5021A /* Assets.xcassets */; };
		2314C52D1EEA806F00F5021A /* LaunchScreen.storyboard in Resources */ = {isa = PBXBuildFile; fileRef = 2314C52B1EEA806F00F5021A /* LaunchScreen.storyboard */; };
		2314C5381EEA816000F5021A /* CJRulerView.swift in Sources */ = {isa = PBXBuildFile; fileRef = 2314C5351EEA816000F5021A /* CJRulerView.swift */; };
		2314C5391EEA816000F5021A /* RulerItemCell.swift in Sources */ = {isa = PBXBuildFile; fileRef = 2314C5361EEA816000F5021A /* RulerItemCell.swift */; };
		2314C53A1EEA816000F5021A /* RulerItemCell.xib in Resources */ = {isa = PBXBuildFile; fileRef = 2314C5371EEA816000F5021A /* RulerItemCell.xib */; };
/* End PBXBuildFile section */

/* Begin PBXFileReference section */
		2314C51F1EEA806F00F5021A /* CJRulerView.app */ = {isa = PBXFileReference; explicitFileType = wrapper.application; includeInIndex = 0; path = CJRulerView.app; sourceTree = BUILT_PRODUCTS_DIR; };
		2314C5221EEA806F00F5021A /* AppDelegate.swift */ = {isa = PBXFileReference; lastKnownFileType = sourcecode.swift; path = AppDelegate.swift; sourceTree = "<group>"; };
		2314C5241EEA806F00F5021A /* ViewController.swift */ = {isa = PBXFileReference; lastKnownFileType = sourcecode.swift; path = ViewController.swift; sourceTree = "<group>"; };
		2314C5271EEA806F00F5021A /* Base */ = {isa = PBXFileReference; lastKnownFileType = file.storyboard; name = Base; path = Base.lproj/Main.storyboard; sourceTree = "<group>"; };
		2314C5291EEA806F00F5021A /* Assets.xcassets */ = {isa = PBXFileReference; lastKnownFileType = folder.assetcatalog; path = Assets.xcassets; sourceTree = "<group>"; };
		2314C52C1EEA806F00F5021A /* Base */ = {isa = PBXFileReference; lastKnownFileType = file.storyboard; name = Base; path = Base.lproj/LaunchScreen.storyboard; sourceTree = "<group>"; };
		2314C52E1EEA806F00F5021A /* Info.plist */ = {isa = PBXFileReference; lastKnownFileType = text.plist.xml; path = Info.plist; sourceTree = "<group>"; };
		2314C5351EEA816000F5021A /* CJRulerView.swift */ = {isa = PBXFileReference; fileEncoding = 4; lastKnownFileType = sourcecode.swift; path = CJRulerView.swift; sourceTree = "<group>"; };
		2314C5361EEA816000F5021A /* RulerItemCell.swift */ = {isa = PBXFileReference; fileEncoding = 4; lastKnownFileType = sourcecode.swift; path = RulerItemCell.swift; sourceTree = "<group>"; };
		2314C5371EEA816000F5021A /* RulerItemCell.xib */ = {isa = PBXFileReference; fileEncoding = 4; lastKnownFileType = file.xib; path = RulerItemCell.xib; sourceTree = "<group>"; };
/* End PBXFileReference section */

/* Begin PBXFrameworksBuildPhase section */
		2314C51C1EEA806F00F5021A /* Frameworks */ = {
			isa = PBXFrameworksBuildPhase;
			buildActionMask = 2147483647;
			files = (
			);
			runOnlyForDeploymentPostprocessing = 0;
		};
/* End PBXFrameworksBuildPhase section */

/* Begin PBXGroup section */
		2314C5161EEA806F00F5021A = {
			isa = PBXGroup;
			children = (
				2314C5211EEA806F00F5021A /* CJRulerView */,
				2314C5201EEA806F00F5021A /* Products */,
			);
			sourceTree = "<group>";
		};
		2314C5201EEA806F00F5021A /* Products */ = {
			isa = PBXGroup;
			children = (
				2314C51F1EEA806F00F5021A /* CJRulerView.app */,
			);
			name = Products;
			sourceTree = "<group>";
		};
		2314C5211EEA806F00F5021A /* CJRulerView */ = {
			isa = PBXGroup;
			children = (
				2314C5341EEA815400F5021A /* CJRulerView */,
				2314C5221EEA806F00F5021A /* AppDelegate.swift */,
				2314C5241EEA806F00F5021A /* ViewController.swift */,
				2314C5261EEA806F00F5021A /* Main.storyboard */,
				2314C5291EEA806F00F5021A /* Assets.xcassets */,
				2314C52B1EEA806F00F5021A /* LaunchScreen.storyboard */,
				2314C52E1EEA806F00F5021A /* Info.plist */,
			);
			path = CJRulerView;
			sourceTree = "<group>";
		};
		2314C5341EEA815400F5021A /* CJRulerView */ = {
			isa = PBXGroup;
			children = (
				2314C5351EEA816000F5021A /* CJRulerView.swift */,
				2314C5361EEA816000F5021A /* RulerItemCell.swift */,
				2314C5371EEA816000F5021A /* RulerItemCell.xib */,
			);
			path = CJRulerView;
			sourceTree = "<group>";
		};
/* End PBXGroup section */

/* Begin PBXNativeTarget section */
		2314C51E1EEA806F00F5021A /* CJRulerView */ = {
			isa = PBXNativeTarget;
			buildConfigurationList = 2314C5311EEA806F00F5021A /* Build configuration list for PBXNativeTarget "CJRulerView" */;
			buildPhases = (
				2314C51B1EEA806F00F5021A /* Sources */,
				2314C51C1EEA806F00F5021A /* Frameworks */,
				2314C51D1EEA806F00F5021A /* Resources */,
			);
			buildRules = (
			);
			dependencies = (
			);
			name = CJRulerView;
			productName = CJRulerView;
			productReference = 2314C51F1EEA806F00F5021A /* CJRulerView.app */;
			productType = "com.apple.product-type.application";
		};
/* End PBXNativeTarget section */

/* Begin PBXProject section */
		2314C5171EEA806F00F5021A /* Project object */ = {
			isa = PBXProject;
			attributes = {
				LastSwiftUpdateCheck = 0830;
				LastUpgradeCheck = 0830;
				ORGANIZATIONNAME = CJ;
				TargetAttributes = {
					2314C51E1EEA806F00F5021A = {
						CreatedOnToolsVersion = 8.3.2;
						DevelopmentTeam = N2GY65J8JH;
						ProvisioningStyle = Automatic;
					};
				};
			};
			buildConfigurationList = 2314C51A1EEA806F00F5021A /* Build configuration list for PBXProject "CJRulerView" */;
			compatibilityVersion = "Xcode 3.2";
			developmentRegion = English;
			hasScannedForEncodings = 0;
			knownRegions = (
				en,
				Base,
			);
			mainGroup = 2314C5161EEA806F00F5021A;
			productRefGroup = 2314C5201EEA806F00F5021A /* Products */;
			projectDirPath = "";
			projectRoot = "";
			targets = (
				2314C51E1EEA806F00F5021A /* CJRulerView */,
			);
		};
/* End PBXProject section */

/* Begin PBXResourcesBuildPhase section */
		2314C51D1EEA806F00F5021A /* Resources */ = {
			isa = PBXResourcesBuildPhase;
			buildActionMask = 2147483647;
			files = (
				2314C52D1EEA806F00F5021A /* LaunchScreen.storyboard in Resources */,
				2314C52A1EEA806F00F5021A /* Assets.xcassets in Resources */,
				2314C5281EEA806F00F5021A /* Main.storyboard in Resources */,
				2314C53A1EEA816000F5021A /* RulerItemCell.xib in Resources */,
			);
			runOnlyForDeploymentPostprocessing = 0;
		};
/* End PBXResourcesBuildPhase section */

/* Begin PBXSourcesBuildPhase section */
		2314C51B1EEA806F00F5021A /* Sources */ = {
			isa = PBXSourcesBuildPhase;
			buildActionMask = 2147483647;
			files = (
				2314C5251EEA806F00F5021A /* ViewController.swift in Sources */,
				2314C5231EEA806F00F5021A /* AppDelegate.swift in Sources */,
				2314C5381EEA816000F5021A /* CJRulerView.swift in Sources */,
				2314C5391EEA816000F5021A /* RulerItemCell.swift in Sources */,
			);
			runOnlyForDeploymentPostprocessing = 0;
		};
/* End PBXSourcesBuildPhase section */

/* Begin PBXVariantGroup section */
		2314C5261EEA806F00F5021A /* Main.storyboard */ = {
			isa = PBXVariantGroup;
			children = (
				2314C5271EEA806F00F5021A /* Base */,
			);
			name = Main.storyboard;
			sourceTree = "<group>";
		};
		2314C52B1EEA806F00F5021A /* LaunchScreen.storyboard */ = {
			isa = PBXVariantGroup;
			children = (
				2314C52C1EEA806F00F5021A /* Base */,
			);
			name = LaunchScreen.storyboard;
			sourceTree = "<group>";
		};
/* End PBXVariantGroup section */

/* Begin XCBuildConfiguration section */
		2314C52F1EEA806F00F5021A /* Debug */ = {
			isa = XCBuildConfiguration;
			buildSettings = {
				ALWAYS_SEARCH_USER_PATHS = NO;
				CLANG_ANALYZER_NONNULL = YES;
				CLANG_ANALYZER_NUMBER_OBJECT_CONVERSION = YES_AGGRESSIVE;
				CLANG_CXX_LANGUAGE_STANDARD = "gnu++0x";
				CLANG_CXX_LIBRARY = "libc++";
				CLANG_ENABLE_MODULES = YES;
				CLANG_ENABLE_OBJC_ARC = YES;
				CLANG_WARN_BOOL_CONVERSION = YES;
				CLANG_WARN_CONSTANT_CONVERSION = YES;
				CLANG_WARN_DIRECT_OBJC_ISA_USAGE = YES_ERROR;
				CLANG_WARN_DOCUMENTATION_COMMENTS = YES;
				CLANG_WARN_EMPTY_BODY = YES;
				CLANG_WARN_ENUM_CONVERSION = YES;
				CLANG_WARN_INFINITE_RECURSION = YES;
				CLANG_WARN_INT_CONVERSION = YES;
				CLANG_WARN_OBJC_ROOT_CLASS = YES_ERROR;
				CLANG_WARN_SUSPICIOUS_MOVE = YES;
				CLANG_WARN_UNREACHABLE_CODE = YES;
				CLANG_WARN__DUPLICATE_METHOD_MATCH = YES;
				"CODE_SIGN_IDENTITY[sdk=iphoneos*]" = "iPhone Developer";
				COPY_PHASE_STRIP = NO;
				DEBUG_INFORMATION_FORMAT = dwarf;
				ENABLE_STRICT_OBJC_MSGSEND = YES;
				ENABLE_TESTABILITY = YES;
				GCC_C_LANGUAGE_STANDARD = gnu99;
				GCC_DYNAMIC_NO_PIC = NO;
				GCC_NO_COMMON_BLOCKS = YES;
				GCC_OPTIMIZATION_LEVEL = 0;
				GCC_PREPROCESSOR_DEFINITIONS = (
					"DEBUG=1",
					"$(inherited)",
				);
				GCC_WARN_64_TO_32_BIT_CONVERSION = YES;
				GCC_WARN_ABOUT_RETURN_TYPE = YES_ERROR;
				GCC_WARN_UNDECLARED_SELECTOR = YES;
				GCC_WARN_UNINITIALIZED_AUTOS = YES_AGGRESSIVE;
				GCC_WARN_UNUSED_FUNCTION = YES;
				GCC_WARN_UNUSED_VARIABLE = YES;
				IPHONEOS_DEPLOYMENT_TARGET = 10.3;
				MTL_ENABLE_DEBUG_INFO = YES;
				ONLY_ACTIVE_ARCH = YES;
				SDKROOT = iphoneos;
				SWIFT_ACTIVE_COMPILATION_CONDITIONS = DEBUG;
				SWIFT_OPTIMIZATION_LEVEL = "-Onone";
				TARGETED_DEVICE_FAMILY = "1,2";
			};
			name = Debug;
		};
		2314C5301EEA806F00F5021A /* Release */ = {
			isa = XCBuildConfiguration;
			buildSettings = {
				ALWAYS_SEARCH_USER_PATHS = NO;
				CLANG_ANALYZER_NONNULL = YES;
				CLANG_ANALYZER_NUMBER_OBJECT_CONVERSION = YES_AGGRESSIVE;
				CLANG_CXX_LANGUAGE_STANDARD = "gnu++0x";
				CLANG_CXX_LIBRARY = "libc++";
				CLANG_ENABLE_MODULES = YES;
				CLANG_ENABLE_OBJC_ARC = YES;
				CLANG_WARN_BOOL_CONVERSION = YES;
				CLANG_WARN_CONSTANT_CONVERSION = YES;
				CLANG_WARN_DIRECT_OBJC_ISA_USAGE = YES_ERROR;
				CLANG_WARN_DOCUMENTATION_COMMENTS = YES;
				CLANG_WARN_EMPTY_BODY = YES;
				CLANG_WARN_ENUM_CONVERSION = YES;
				CLANG_WARN_INFINITE_RECURSION = YES;
				CLANG_WARN_INT_CONVERSION = YES;
				CLANG_WARN_OBJC_ROOT_CLASS = YES_ERROR;
				CLANG_WARN_SUSPICIOUS_MOVE = YES;
				CLANG_WARN_UNREACHABLE_CODE = YES;
				CLANG_WARN__DUPLICATE_METHOD_MATCH = YES;
				"CODE_SIGN_IDENTITY[sdk=iphoneos*]" = "iPhone Developer";
				COPY_PHASE_STRIP = NO;
				DEBUG_INFORMATION_FORMAT = "dwarf-with-dsym";
				ENABLE_NS_ASSERTIONS = NO;
				ENABLE_STRICT_OBJC_MSGSEND = YES;
				GCC_C_LANGUAGE_STANDARD = gnu99;
				GCC_NO_COMMON_BLOCKS = YES;
				GCC_WARN_64_TO_32_BIT_CONVERSION = YES;
				GCC_WARN_ABOUT_RETURN_TYPE = YES_ERROR;
				GCC_WARN_UNDECLARED_SELECTOR = YES;
				GCC_WARN_UNINITIALIZED_AUTOS = YES_AGGRESSIVE;
				GCC_WARN_UNUSED_FUNCTION = YES;
				GCC_WARN_UNUSED_VARIABLE = YES;
				IPHONEOS_DEPLOYMENT_TARGET = 10.3;
				MTL_ENABLE_DEBUG_INFO = NO;
				SDKROOT = iphoneos;
				SWIFT_OPTIMIZATION_LEVEL = "-Owholemodule";
				TARGETED_DEVICE_FAMILY = "1,2";
				VALIDATE_PRODUCT = YES;
			};
			name = Release;
		};
		2314C5321EEA806F00F5021A /* Debug */ = {
			isa = XCBuildConfiguration;
			buildSettings = {
				ASSETCATALOG_COMPILER_APPICON_NAME = AppIcon;
				DEVELOPMENT_TEAM = N2GY65J8JH;
				INFOPLIST_FILE = CJRulerView/Info.plist;
				LD_RUNPATH_SEARCH_PATHS = "$(inherited) @executable_path/Frameworks";
				PRODUCT_BUNDLE_IDENTIFIER = com.CJ.CJRulerView;
				PRODUCT_NAME = "$(TARGET_NAME)";
				SWIFT_VERSION = 3.0;
			};
			name = Debug;
		};
		2314C5331EEA806F00F5021A /* Release */ = {
			isa = XCBuildConfiguration;
			buildSettings = {
				ASSETCATALOG_COMPILER_APPICON_NAME = AppIcon;
				DEVELOPMENT_TEAM = N2GY65J8JH;
				INFOPLIST_FILE = CJRulerView/Info.plist;
				LD_RUNPATH_SEARCH_PATHS = "$(inherited) @executable_path/Frameworks";
				PRODUCT_BUNDLE_IDENTIFIER = com.CJ.CJRulerView;
				PRODUCT_NAME = "$(TARGET_NAME)";
				SWIFT_VERSION = 3.0;
			};
			name = Release;
		};
/* End XCBuildConfiguration section */

/* Begin XCConfigurationList section */
		2314C51A1EEA806F00F5021A /* Build configuration list for PBXProject "CJRulerView" */ = {
			isa = XCConfigurationList;
			buildConfigurations = (
				2314C52F1EEA806F00F5021A /* Debug */,
				2314C5301EEA806F00F5021A /* Release */,
			);
			defaultConfigurationIsVisible = 0;
			defaultConfigurationName = Release;
		};
		2314C5311EEA806F00F5021A /* Build configuration list for PBXNativeTarget "CJRulerView" */ = {
			isa = XCConfigurationList;
			buildConfigurations = (
				2314C5321EEA806F00F5021A /* Debug */,
				2314C5331EEA806F00F5021A /* Release */,
			);
			defaultConfigurationIsVisible = 0;
		};
/* End XCConfigurationList section */
	};
	rootObject = 2314C5171EEA806F00F5021A /* Project object */;
}
